
Microsoft Visual Studio Solution File, Format Version 12.00
# Visual Studio Version 17
VisualStudioVersion = 17.9.34622.214
MinimumVisualStudioVersion = 10.0.40219.1
Project("{9A19103F-16F7-4668-BE54-9A1E7A4F7556}") = "ASPNETCoreDemo", "ASPNETCoreDemo\ASPNETCoreDemo.csproj", "{CBA4A85E-EB75-4BE0-A66C-B6C50613F7D2}"
EndProject
Project("{9A19103F-16F7-4668-BE54-9A1E7A4F7556}") = "IdentityServer.API", "IdentityServer.API\IdentityServer.API.csproj", "{8E58DF24-433E-4C18-9AE4-D1E2F28CDDBE}"
EndProject
Global
	GlobalSection(SolutionConfigurationPlatforms) = preSolution
		Debug|Any CPU = Debug|Any CPU
		Release|Any CPU = Release|Any CPU
	EndGlobalSection
	GlobalSection(ProjectConfigurationPlatforms) = postSolution
		{CBA4A85E-EB75-4BE0-A66C-B6C50613F7D2}.Debug|Any CPU.ActiveCfg = Debug|Any CPU
		{CBA4A85E-EB75-4BE0-A66C-B6C50613F7D2}.Debug|Any CPU.Build.0 = Debug|Any CPU
		{CBA4A85E-EB75-4BE0-A66C-B6C50613F7D2}.Release|Any CPU.ActiveCfg = Release|Any CPU
		{CBA4A85E-EB75-4BE0-A66C-B6C50613F7D2}.Release|Any CPU.Build.0 = Release|Any CPU
		{8E58DF24-433E-4C18-9AE4-D1E2F28CDDBE}.Debug|Any CPU.ActiveCfg = Debug|Any CPU
		{8E58DF24-433E-4C18-9AE4-D1E2F28CDDBE}.Debug|Any CPU.Build.0 = Debug|Any CPU
		{8E58DF24-433E-4C18-9AE4-D1E2F28CDDBE}.Release|Any CPU.ActiveCfg = Release|Any CPU
		{8E58DF24-433E-4C18-9AE4-D1E2F28CDDBE}.Release|Any CPU.Build.0 = Release|Any CPU
	EndGlobalSection
	GlobalSection(SolutionProperties) = preSolution
		HideSolutionNode = FALSE
	EndGlobalSection
	GlobalSection(ExtensibilityGlobals) = postSolution
		SolutionGuid = {0B6822B8-9EBF-4C9B-B41C-97AE9EE6264A}
	EndGlobalSection
EndGlobal
